
Microsoft Visual Studio Solution File, Format Version 12.00
# Visual Studio Version 16
VisualStudioVersion = 16.0.30204.135
MinimumVisualStudioVersion = 10.0.40219.1
Project("{F184B08F-C81C-45F6-A57F-5ABD9991F28F}") = "sudeliche-cisla", "sudeliche-cisla\sudeliche-cisla.vbproj", "{828D8E9F-D1DE-404F-9754-FF92878C50A5}"
EndProject
Global
	GlobalSection(SolutionConfigurationPlatforms) = preSolution
		Debug|Any CPU = Debug|Any CPU
		Release|Any CPU = Release|Any CPU
	EndGlobalSection
	GlobalSection(ProjectConfigurationPlatforms) = postSolution
		{828D8E9F-D1DE-404F-9754-FF92878C50A5}.Debug|Any CPU.ActiveCfg = Debug|Any CPU
		{828D8E9F-D1DE-404F-9754-FF92878C50A5}.Debug|Any CPU.Build.0 = Debug|Any CPU
		{828D8E9F-D1DE-404F-9754-FF92878C50A5}.Release|Any CPU.ActiveCfg = Release|Any CPU
		{828D8E9F-D1DE-404F-9754-FF92878C50A5}.Release|Any CPU.Build.0 = Release|Any CPU
	EndGlobalSection
	GlobalSection(SolutionProperties) = preSolution
		HideSolutionNode = FALSE
	EndGlobalSection
	GlobalSection(ExtensibilityGlobals) = postSolution
		SolutionGuid = {40B9CA70-7FB9-4903-9CCA-35440F3AA9D2}
	EndGlobalSection
EndGlobal
